{
  "name": "node-red-contrib-random-output-advanced",
  "version": "0.1.13",
  "lockfileVersion": 2,
  "requires": true,
  "packages": {
    "": {
      "name": "node-red-contrib-random-output-advanced",
      "version": "0.1.13",
      "license": "ISC",
      "dependencies": {
        "node-red-contrib-random-output-advanced": "github:nstankov-bg/node-red-contrib-random-output-advanced#main"
      }
    },
    "node_modules/node-red-contrib-random-output-advanced": {
      "version": "0.1.13",
      "resolved": "git+ssh://git@github.com/nstankov-bg/node-red-contrib-random-output-advanced.git#eb9822bc6a4ecf3101ed12dff3dd66e2661e66ad",
      "license": "ISC",
      "dependencies": {
        "node-red-contrib-random-output-advanced": "github:nstankov-bg/node-red-contrib-random-output-advanced#main"
      }
    }
  },
  "dependencies": {
    "node-red-contrib-random-output-advanced": {
      "version": "git+ssh://git@github.com/nstankov-bg/node-red-contrib-random-output-advanced.git#eb9822bc6a4ecf3101ed12dff3dd66e2661e66ad",
      "from": "node-red-contrib-random-output-advanced@github:nstankov-bg/node-red-contrib-random-output-advanced#main",
      "requires": {
        "node-red-contrib-random-output-advanced": "github:nstankov-bg/node-red-contrib-random-output-advanced#main"
      }
    }
  }
}
